
Microsoft Visual Studio Solution File, Format Version 12.00
# Visual Studio 2017
Project("{FAE04EC0-301F-11D3-BF4B-00C04F79EFBC}") = "VRKitty", "VRKitty.csproj", "{78502EAB-4017-BEE8-4D66-7BC42A6F59CA}"
EndProject
Project("{FAE04EC0-301F-11D3-BF4B-00C04F79EFBC}") = "VRKitty.Editor", "VRKitty.Editor.csproj", "{3E4D2D0C-61A5-C157-FC76-8DFD241D05B7}"
EndProject
Global
	GlobalSection(SolutionConfigurationPlatforms) = preSolution
		Debug|Any CPU = Debug|Any CPU
		Release|Any CPU = Release|Any CPU
	EndGlobalSection
	GlobalSection(ProjectConfigurationPlatforms) = postSolution
		{78502EAB-4017-BEE8-4D66-7BC42A6F59CA}.Debug|Any CPU.ActiveCfg = Debug|Any CPU
		{78502EAB-4017-BEE8-4D66-7BC42A6F59CA}.Debug|Any CPU.Build.0 = Debug|Any CPU
		{78502EAB-4017-BEE8-4D66-7BC42A6F59CA}.Release|Any CPU.ActiveCfg = Release|Any CPU
		{78502EAB-4017-BEE8-4D66-7BC42A6F59CA}.Release|Any CPU.Build.0 = Release|Any CPU
		{3E4D2D0C-61A5-C157-FC76-8DFD241D05B7}.Debug|Any CPU.ActiveCfg = Debug|Any CPU
		{3E4D2D0C-61A5-C157-FC76-8DFD241D05B7}.Debug|Any CPU.Build.0 = Debug|Any CPU
		{3E4D2D0C-61A5-C157-FC76-8DFD241D05B7}.Release|Any CPU.ActiveCfg = Release|Any CPU
		{3E4D2D0C-61A5-C157-FC76-8DFD241D05B7}.Release|Any CPU.Build.0 = Release|Any CPU
	EndGlobalSection
	GlobalSection(SolutionProperties) = preSolution
		HideSolutionNode = FALSE
	EndGlobalSection
EndGlobal
